
Microsoft Visual Studio Solution File, Format Version 12.00
# Visual Studio Version 16
VisualStudioVersion = 16.0.32802.440
MinimumVisualStudioVersion = 10.0.40219.1
Project("{8BC9CEB8-8B4A-11D0-8D11-00A0C91BC942}") = "MyOpenGL", "MyOpenGL\MyOpenGL.vcxproj", "{AB9401D3-33D1-4A7E-AECA-73D7B884CE1D}"
EndProject
Global
	GlobalSection(SolutionConfigurationPlatforms) = preSolution
		Debug|x64 = Debug|x64
		Debug|x86 = Debug|x86
		Release|x64 = Release|x64
		Release|x86 = Release|x86
	EndGlobalSection
	GlobalSection(ProjectConfigurationPlatforms) = postSolution
		{AB9401D3-33D1-4A7E-AECA-73D7B884CE1D}.Debug|x64.ActiveCfg = Debug|x64
		{AB9401D3-33D1-4A7E-AECA-73D7B884CE1D}.Debug|x64.Build.0 = Debug|x64
		{AB9401D3-33D1-4A7E-AECA-73D7B884CE1D}.Debug|x86.ActiveCfg = Debug|Win32
		{AB9401D3-33D1-4A7E-AECA-73D7B884CE1D}.Debug|x86.Build.0 = Debug|Win32
		{AB9401D3-33D1-4A7E-AECA-73D7B884CE1D}.Release|x64.ActiveCfg = Release|x64
		{AB9401D3-33D1-4A7E-AECA-73D7B884CE1D}.Release|x64.Build.0 = Release|x64
		{AB9401D3-33D1-4A7E-AECA-73D7B884CE1D}.Release|x86.ActiveCfg = Release|Win32
		{AB9401D3-33D1-4A7E-AECA-73D7B884CE1D}.Release|x86.Build.0 = Release|Win32
	EndGlobalSection
	GlobalSection(SolutionProperties) = preSolution
		HideSolutionNode = FALSE
	EndGlobalSection
	GlobalSection(ExtensibilityGlobals) = postSolution
		SolutionGuid = {FCB1EB1E-CD45-445A-9F55-AC7F80701263}
	EndGlobalSection
EndGlobal
